PODS:
  - WRParsingBasic (0.1.0)

DEPENDENCIES:
  - WRParsingBasic (from `../../PARSER/WRParsingComponent/WRParsingBasic`)

EXTERNAL SOURCES:
  WRParsingBasic:
    :path: "../../PARSER/WRParsingComponent/WRParsingBasic"

SPEC CHECKSUMS:
  WRParsingBasic: 57d07dab937f66faea1b878f010737977bf24390

PODFILE CHECKSUM: 2d196c8bc527c0783579876f93464d30a1e8a274

COCOAPODS: 1.2.1
