// !$*UTF8*$!
{
	archiveVersion = 1;
	classes = {
	};
	objectVersion = 46;
	objects = {

/* Begin PBXBuildFile section */
		3AED2065D815D873B7A7B648 /* WRRERegexBuilder.m in Sources */ = {isa = PBXBuildFile; fileRef = 3AED22E96B45829EC67F0CC0 /* WRRERegexBuilder.m */; };
		3AED25FC088328EA1C322E6E /* main.m in Sources */ = {isa = PBXBuildFile; fileRef = 3AED2FA81FB2D7DAB070A83B /* main.m */; };
		3AED265D119A44C049350B39 /* WRREDFAState.m in Sources */ = {isa = PBXBuildFile; fileRef = 3AED20AAB1B3C61011662011 /* WRREDFAState.m */; };
		3AED270E9CE1B17171295A76 /* WRCharRange.m in Sources */ = {isa = PBXBuildFile; fileRef = 3AED2A3F26B1B0C7C59CA56C /* WRCharRange.m */; };
		3AED27D388C1AD8BECA07108 /* WRRegexScanner.m in Sources */ = {isa = PBXBuildFile; fileRef = 3AED26B1FD66A163DFC11249 /* WRRegexScanner.m */; };
		3AED2A78AA0C99601F1D7383 /* WRRETransition.m in Sources */ = {isa = PBXBuildFile; fileRef = 3AED2F627824EF16C4505BA6 /* WRRETransition.m */; };
		3AED2AC5D1ED68A9FDEC73CF /* WRRegexWriter.m in Sources */ = {isa = PBXBuildFile; fileRef = 3AED28ED2ADF125FF68E5BB8 /* WRRegexWriter.m */; };
		3AED2B917E635A89EECE8185 /* WRRegexUtils.m in Sources */ = {isa = PBXBuildFile; fileRef = 3AED2C5E0E0407F8CCB4C3AD /* WRRegexUtils.m */; };
		3AED2CAD60B0F22831D837F0 /* WRRegexLanguage.m in Sources */ = {isa = PBXBuildFile; fileRef = 3AED29ABF036AE935AD06218 /* WRRegexLanguage.m */; };
		3AED2CBA0CED415C11F65F8F /* WRCharRangeNormalizeMapper.m in Sources */ = {isa = PBXBuildFile; fileRef = 3AED2F9A0E715A7D72F53670 /* WRCharRangeNormalizeMapper.m */; };
		3AED2E092846A953B3327E54 /* WRREFABuilder.m in Sources */ = {isa = PBXBuildFile; fileRef = 3AED2C4BE24B395A4E62585A /* WRREFABuilder.m */; };
		3AED2EE0F25C0492F3809717 /* WRREState.m in Sources */ = {isa = PBXBuildFile; fileRef = 3AED26632B340FF8ECC2579C /* WRREState.m */; };
		3AED2F28919494FCE103666C /* WRREAutoma.m in Sources */ = {isa = PBXBuildFile; fileRef = 3AED2217C21A7B105B0D5A91 /* WRREAutoma.m */; };
		3AED2FE398EC49D3C0D991F7 /* WRRERegexCarrier.m in Sources */ = {isa = PBXBuildFile; fileRef = 3AED299144314D4A4BDA6282 /* WRRERegexCarrier.m */; };
		4DFEBA3BDFB2AA0F75D58229 /* libPods-WRRegexBasics.a in Frameworks */ = {isa = PBXBuildFile; fileRef = D02CA13FB586BA4AE945C29C /* libPods-WRRegexBasics.a */; };
/* End PBXBuildFile section */

/* Begin PBXCopyFilesBuildPhase section */
		3AED240E0A00FEEF604A511E /* CopyFiles */ = {
			isa = PBXCopyFilesBuildPhase;
			buildActionMask = 2147483647;
			dstPath = /usr/share/man/man1/;
			dstSubfolderSpec = 0;
			files = (
			);
			runOnlyForDeploymentPostprocessing = 1;
		};
/* End PBXCopyFilesBuildPhase section */

/* Begin PBXFileReference section */
		357ABC2BE51C56B4AEFDBE4F /* Pods-WRRegexBasics.debug.xcconfig */ = {isa = PBXFileReference; includeInIndex = 1; lastKnownFileType = text.xcconfig; name = "Pods-WRRegexBasics.debug.xcconfig"; path = "Pods/Target Support Files/Pods-WRRegexBasics/Pods-WRRegexBasics.debug.xcconfig"; sourceTree = "<group>"; };
		3AED20AAB1B3C61011662011 /* WRREDFAState.m */ = {isa = PBXFileReference; fileEncoding = 4; lastKnownFileType = sourcecode.c.objc; path = WRREDFAState.m; sourceTree = "<group>"; };
		3AED2217C21A7B105B0D5A91 /* WRREAutoma.m */ = {isa = PBXFileReference; fileEncoding = 4; lastKnownFileType = sourcecode.c.objc; path = WRREAutoma.m; sourceTree = "<group>"; };
		3AED226FD7C2206B2D4B9AB2 /* WRCharRange.h */ = {isa = PBXFileReference; fileEncoding = 4; lastKnownFileType = sourcecode.c.h; path = WRCharRange.h; sourceTree = "<group>"; };
		3AED22D78226B23BEFA59C5C /* WRRegexWriter.h */ = {isa = PBXFileReference; fileEncoding = 4; lastKnownFileType = sourcecode.c.h; path = WRRegexWriter.h; sourceTree = "<group>"; };
		3AED22E96B45829EC67F0CC0 /* WRRERegexBuilder.m */ = {isa = PBXFileReference; fileEncoding = 4; lastKnownFileType = sourcecode.c.objc; path = WRRERegexBuilder.m; sourceTree = "<group>"; };
		3AED23630983B53349C1F824 /* WRRegexLanguage.h */ = {isa = PBXFileReference; fileEncoding = 4; lastKnownFileType = sourcecode.c.h; path = WRRegexLanguage.h; sourceTree = "<group>"; };
		3AED26632B340FF8ECC2579C /* WRREState.m */ = {isa = PBXFileReference; fileEncoding = 4; lastKnownFileType = sourcecode.c.objc; path = WRREState.m; sourceTree = "<group>"; };
		3AED26B1FD66A163DFC11249 /* WRRegexScanner.m */ = {isa = PBXFileReference; fileEncoding = 4; lastKnownFileType = sourcecode.c.objc; path = WRRegexScanner.m; sourceTree = "<group>"; };
		3AED26C8314B6082A3FA6456 /* WRREState.h */ = {isa = PBXFileReference; fileEncoding = 4; lastKnownFileType = sourcecode.c.h; path = WRREState.h; sourceTree = "<group>"; };
		3AED2726AA0BA112884F5E8C /* WRRegexUtils.h */ = {isa = PBXFileReference; fileEncoding = 4; lastKnownFileType = sourcecode.c.h; path = WRRegexUtils.h; sourceTree = "<group>"; };
		3AED2869F272AF16C71F48FB /* WRREFABuilder.h */ = {isa = PBXFileReference; fileEncoding = 4; lastKnownFileType = sourcecode.c.h; path = WRREFABuilder.h; sourceTree = "<group>"; };
		3AED28CE1EAEAEDF417598A9 /* WRCharRangeNormalizeMapper.h */ = {isa = PBXFileReference; fileEncoding = 4; lastKnownFileType = sourcecode.c.h; path = WRCharRangeNormalizeMapper.h; sourceTree = "<group>"; };
		3AED28ED2ADF125FF68E5BB8 /* WRRegexWriter.m */ = {isa = PBXFileReference; fileEncoding = 4; lastKnownFileType = sourcecode.c.objc; path = WRRegexWriter.m; sourceTree = "<group>"; };
		3AED2943E95FD155BE2D9E89 /* wre */ = {isa = PBXFileReference; explicitFileType = "compiled.mach-o.executable"; includeInIndex = 0; path = wre; sourceTree = BUILT_PRODUCTS_DIR; };
		3AED299144314D4A4BDA6282 /* WRRERegexCarrier.m */ = {isa = PBXFileReference; fileEncoding = 4; lastKnownFileType = sourcecode.c.objc; path = WRRERegexCarrier.m; sourceTree = "<group>"; };
		3AED29ABF036AE935AD06218 /* WRRegexLanguage.m */ = {isa = PBXFileReference; fileEncoding = 4; lastKnownFileType = sourcecode.c.objc; path = WRRegexLanguage.m; sourceTree = "<group>"; };
		3AED29D9602CF8E75AB40685 /* WRRERegexCarrier.h */ = {isa = PBXFileReference; fileEncoding = 4; lastKnownFileType = sourcecode.c.h; path = WRRERegexCarrier.h; sourceTree = "<group>"; };
		3AED2A3F26B1B0C7C59CA56C /* WRCharRange.m */ = {isa = PBXFileReference; fileEncoding = 4; lastKnownFileType = sourcecode.c.objc; path = WRCharRange.m; sourceTree = "<group>"; };
		3AED2B8F123189C7923CA530 /* WRRERegexBuilder.h */ = {isa = PBXFileReference; fileEncoding = 4; lastKnownFileType = sourcecode.c.h; path = WRRERegexBuilder.h; sourceTree = "<group>"; };
		3AED2C4BE24B395A4E62585A /* WRREFABuilder.m */ = {isa = PBXFileReference; fileEncoding = 4; lastKnownFileType = sourcecode.c.objc; path = WRREFABuilder.m; sourceTree = "<group>"; };
		3AED2C5E0E0407F8CCB4C3AD /* WRRegexUtils.m */ = {isa = PBXFileReference; fileEncoding = 4; lastKnownFileType = sourcecode.c.objc; path = WRRegexUtils.m; sourceTree = "<group>"; };
		3AED2D2C332496F6E8D2F746 /* WRRegexScanner.h */ = {isa = PBXFileReference; fileEncoding = 4; lastKnownFileType = sourcecode.c.h; path = WRRegexScanner.h; sourceTree = "<group>"; };
		3AED2D6470E753773331EEA5 /* WRRegexLib.h */ = {isa = PBXFileReference; fileEncoding = 4; lastKnownFileType = sourcecode.c.h; path = WRRegexLib.h; sourceTree = "<group>"; };
		3AED2E064CDD16F59181FBEF /* WRREAutoma.h */ = {isa = PBXFileReference; fileEncoding = 4; lastKnownFileType = sourcecode.c.h; path = WRREAutoma.h; sourceTree = "<group>"; };
		3AED2E959959EC3E9EA3A5B0 /* WRREDFAState.h */ = {isa = PBXFileReference; fileEncoding = 4; lastKnownFileType = sourcecode.c.h; path = WRREDFAState.h; sourceTree = "<group>"; };
		3AED2F627824EF16C4505BA6 /* WRRETransition.m */ = {isa = PBXFileReference; fileEncoding = 4; lastKnownFileType = sourcecode.c.objc; path = WRRETransition.m; sourceTree = "<group>"; };
		3AED2F64023D74871E4D3F85 /* WRRETransition.h */ = {isa = PBXFileReference; fileEncoding = 4; lastKnownFileType = sourcecode.c.h; path = WRRETransition.h; sourceTree = "<group>"; };
		3AED2F9A0E715A7D72F53670 /* WRCharRangeNormalizeMapper.m */ = {isa = PBXFileReference; fileEncoding = 4; lastKnownFileType = sourcecode.c.objc; path = WRCharRangeNormalizeMapper.m; sourceTree = "<group>"; };
		3AED2FA81FB2D7DAB070A83B /* main.m */ = {isa = PBXFileReference; lastKnownFileType = sourcecode.c.objc; path = main.m; sourceTree = "<group>"; };
		A494416AE573867DD828B372 /* Pods-WRRegexBasics.release.xcconfig */ = {isa = PBXFileReference; includeInIndex = 1; lastKnownFileType = text.xcconfig; name = "Pods-WRRegexBasics.release.xcconfig"; path = "Pods/Target Support Files/Pods-WRRegexBasics/Pods-WRRegexBasics.release.xcconfig"; sourceTree = "<group>"; };
		D02CA13FB586BA4AE945C29C /* libPods-WRRegexBasics.a */ = {isa = PBXFileReference; explicitFileType = archive.ar; includeInIndex = 0; path = "libPods-WRRegexBasics.a"; sourceTree = BUILT_PRODUCTS_DIR; };
/* End PBXFileReference section */

/* Begin PBXFrameworksBuildPhase section */
		3AED22E57561B857222C8FCE /* Frameworks */ = {
			isa = PBXFrameworksBuildPhase;
			buildActionMask = 2147483647;
			files = (
				4DFEBA3BDFB2AA0F75D58229 /* libPods-WRRegexBasics.a in Frameworks */,
			);
			runOnlyForDeploymentPostprocessing = 0;
		};
/* End PBXFrameworksBuildPhase section */

/* Begin PBXGroup section */
		3AED20767CDC6A1F3C437587 /* DFAToRegex */ = {
			isa = PBXGroup;
			children = (
				3AED299144314D4A4BDA6282 /* WRRERegexCarrier.m */,
				3AED29D9602CF8E75AB40685 /* WRRERegexCarrier.h */,
				3AED28ED2ADF125FF68E5BB8 /* WRRegexWriter.m */,
				3AED22D78226B23BEFA59C5C /* WRRegexWriter.h */,
				3AED22E96B45829EC67F0CC0 /* WRRERegexBuilder.m */,
				3AED2B8F123189C7923CA530 /* WRRERegexBuilder.h */,
			);
			path = DFAToRegex;
			sourceTree = "<group>";
		};
		3AED221953CAF26EF5BE4962 = {
			isa = PBXGroup;
			children = (
				3AED24CE4B283693FD3B3863 /* Products */,
				3AED2925AA04C89D1A3DEC78 /* WRRegexBasics */,
				F487C78957F28E44CD128575 /* Pods */,
				9202E0F376F344E5F0CCA39C /* Frameworks */,
			);
			sourceTree = "<group>";
		};
		3AED24CE4B283693FD3B3863 /* Products */ = {
			isa = PBXGroup;
			children = (
				3AED2943E95FD155BE2D9E89 /* wre */,
			);
			name = Products;
			sourceTree = "<group>";
		};
		3AED26631EF744DDED9B3F6D /* Parsing */ = {
			isa = PBXGroup;
			children = (
				3AED29ABF036AE935AD06218 /* WRRegexLanguage.m */,
				3AED23630983B53349C1F824 /* WRRegexLanguage.h */,
				3AED26B1FD66A163DFC11249 /* WRRegexScanner.m */,
				3AED2D2C332496F6E8D2F746 /* WRRegexScanner.h */,
			);
			path = Parsing;
			sourceTree = "<group>";
		};
		3AED28DA68B5181BA9C71CE2 /* Utils */ = {
			isa = PBXGroup;
			children = (
				3AED2C5E0E0407F8CCB4C3AD /* WRRegexUtils.m */,
				3AED2726AA0BA112884F5E8C /* WRRegexUtils.h */,
			);
			path = Utils;
			sourceTree = "<group>";
		};
		3AED2925AA04C89D1A3DEC78 /* WRRegexBasics */ = {
			isa = PBXGroup;
			children = (
				3AED2FA81FB2D7DAB070A83B /* main.m */,
				3AED2F0EC3FCFA106C33EE06 /* Model */,
				3AED2B62923E035988F41C21 /* Algorithm */,
				3AED2D6470E753773331EEA5 /* WRRegexLib.h */,
				3AED26631EF744DDED9B3F6D /* Parsing */,
				3AED28DA68B5181BA9C71CE2 /* Utils */,
				3AED20767CDC6A1F3C437587 /* DFAToRegex */,
			);
			path = WRRegexBasics;
			sourceTree = "<group>";
		};
		3AED2B62923E035988F41C21 /* Algorithm */ = {
			isa = PBXGroup;
			children = (
				3AED2F9A0E715A7D72F53670 /* WRCharRangeNormalizeMapper.m */,
				3AED28CE1EAEAEDF417598A9 /* WRCharRangeNormalizeMapper.h */,
			);
			path = Algorithm;
			sourceTree = "<group>";
		};
		3AED2F0EC3FCFA106C33EE06 /* Model */ = {
			isa = PBXGroup;
			children = (
				3AED20AAB1B3C61011662011 /* WRREDFAState.m */,
				3AED2E959959EC3E9EA3A5B0 /* WRREDFAState.h */,
				3AED2217C21A7B105B0D5A91 /* WRREAutoma.m */,
				3AED2E064CDD16F59181FBEF /* WRREAutoma.h */,
				3AED2F627824EF16C4505BA6 /* WRRETransition.m */,
				3AED2F64023D74871E4D3F85 /* WRRETransition.h */,
				3AED2A3F26B1B0C7C59CA56C /* WRCharRange.m */,
				3AED226FD7C2206B2D4B9AB2 /* WRCharRange.h */,
				3AED26632B340FF8ECC2579C /* WRREState.m */,
				3AED26C8314B6082A3FA6456 /* WRREState.h */,
				3AED2C4BE24B395A4E62585A /* WRREFABuilder.m */,
				3AED2869F272AF16C71F48FB /* WRREFABuilder.h */,
			);
			path = Model;
			sourceTree = "<group>";
		};
		9202E0F376F344E5F0CCA39C /* Frameworks */ = {
			isa = PBXGroup;
			children = (
				D02CA13FB586BA4AE945C29C /* libPods-WRRegexBasics.a */,
			);
			name = Frameworks;
			sourceTree = "<group>";
		};
		F487C78957F28E44CD128575 /* Pods */ = {
			isa = PBXGroup;
			children = (
				357ABC2BE51C56B4AEFDBE4F /* Pods-WRRegexBasics.debug.xcconfig */,
				A494416AE573867DD828B372 /* Pods-WRRegexBasics.release.xcconfig */,
			);
			name = Pods;
			sourceTree = "<group>";
		};
/* End PBXGroup section */

/* Begin PBXNativeTarget section */
		3AED2B4D7E6C9B55E540CE05 /* wre */ = {
			isa = PBXNativeTarget;
			buildConfigurationList = 3AED282C701895225CE3FEC3 /* Build configuration list for PBXNativeTarget "wre" */;
			buildPhases = (
				13ECB0DD856725114D74AFA0 /* [CP] Check Pods Manifest.lock */,
				3AED2BC908D0FDE20A0AC29F /* Sources */,
				3AED22E57561B857222C8FCE /* Frameworks */,
				3AED240E0A00FEEF604A511E /* CopyFiles */,
				07855FA0030BC9E84D6E65B8 /* [CP] Copy Pods Resources */,
			);
			buildRules = (
			);
			dependencies = (
			);
			name = wre;
			productName = WRRegexBasics;
			productReference = 3AED2943E95FD155BE2D9E89 /* wre */;
			productType = "com.apple.product-type.tool";
		};
/* End PBXNativeTarget section */

/* Begin PBXProject section */
		3AED2D30D451D96311B8DE4A /* Project object */ = {
			isa = PBXProject;
			attributes = {
				ORGANIZATIONNAME = RayWang;
			};
			buildConfigurationList = 3AED2CC792277CBD65E99484 /* Build configuration list for PBXProject "WRRegexBasics" */;
			compatibilityVersion = "Xcode 3.2";
			developmentRegion = English;
			hasScannedForEncodings = 0;
			knownRegions = (
				en,
			);
			mainGroup = 3AED221953CAF26EF5BE4962;
			productRefGroup = 3AED24CE4B283693FD3B3863 /* Products */;
			projectDirPath = "";
			projectRoot = "";
			targets = (
				3AED2B4D7E6C9B55E540CE05 /* wre */,
			);
		};
/* End PBXProject section */

/* Begin PBXShellScriptBuildPhase section */
		07855FA0030BC9E84D6E65B8 /* [CP] Copy Pods Resources */ = {
			isa = PBXShellScriptBuildPhase;
			buildActionMask = 2147483647;
			files = (
			);
			inputPaths = (
			);
			name = "[CP] Copy Pods Resources";
			outputPaths = (
			);
			runOnlyForDeploymentPostprocessing = 0;
			shellPath = /bin/sh;
			shellScript = "\"${SRCROOT}/Pods/Target Support Files/Pods-WRRegexBasics/Pods-WRRegexBasics-resources.sh\"\n";
			showEnvVarsInLog = 0;
		};
		13ECB0DD856725114D74AFA0 /* [CP] Check Pods Manifest.lock */ = {
			isa = PBXShellScriptBuildPhase;
			buildActionMask = 2147483647;
			files = (
			);
			inputPaths = (
			);
			name = "[CP] Check Pods Manifest.lock";
			outputPaths = (
			);
			runOnlyForDeploymentPostprocessing = 0;
			shellPath = /bin/sh;
			shellScript = "diff \"${PODS_PODFILE_DIR_PATH}/Podfile.lock\" \"${PODS_ROOT}/Manifest.lock\" > /dev/null\nif [ $? != 0 ] ; then\n    # print error to STDERR\n    echo \"error: The sandbox is not in sync with the Podfile.lock. Run 'pod install' or update your CocoaPods installation.\" >&2\n    exit 1\nfi\n";
			showEnvVarsInLog = 0;
		};
/* End PBXShellScriptBuildPhase section */

/* Begin PBXSourcesBuildPhase section */
		3AED2BC908D0FDE20A0AC29F /* Sources */ = {
			isa = PBXSourcesBuildPhase;
			buildActionMask = 2147483647;
			files = (
				3AED25FC088328EA1C322E6E /* main.m in Sources */,
				3AED265D119A44C049350B39 /* WRREDFAState.m in Sources */,
				3AED2F28919494FCE103666C /* WRREAutoma.m in Sources */,
				3AED2A78AA0C99601F1D7383 /* WRRETransition.m in Sources */,
				3AED270E9CE1B17171295A76 /* WRCharRange.m in Sources */,
				3AED2CBA0CED415C11F65F8F /* WRCharRangeNormalizeMapper.m in Sources */,
				3AED2EE0F25C0492F3809717 /* WRREState.m in Sources */,
				3AED2E092846A953B3327E54 /* WRREFABuilder.m in Sources */,
				3AED2CAD60B0F22831D837F0 /* WRRegexLanguage.m in Sources */,
				3AED27D388C1AD8BECA07108 /* WRRegexScanner.m in Sources */,
				3AED2B917E635A89EECE8185 /* WRRegexUtils.m in Sources */,
				3AED2FE398EC49D3C0D991F7 /* WRRERegexCarrier.m in Sources */,
				3AED2AC5D1ED68A9FDEC73CF /* WRRegexWriter.m in Sources */,
				3AED2065D815D873B7A7B648 /* WRRERegexBuilder.m in Sources */,
			);
			runOnlyForDeploymentPostprocessing = 0;
		};
/* End PBXSourcesBuildPhase section */

/* Begin XCBuildConfiguration section */
		3AED22A6BCDD2A1214317426 /* Debug */ = {
			isa = XCBuildConfiguration;
			baseConfigurationReference = 357ABC2BE51C56B4AEFDBE4F /* Pods-WRRegexBasics.debug.xcconfig */;
			buildSettings = {
				PRODUCT_NAME = "$(TARGET_NAME)";
			};
			name = Debug;
		};
		3AED29BEDBD965096A8E4046 /* Release */ = {
			isa = XCBuildConfiguration;
			buildSettings = {
				ALWAYS_SEARCH_USER_PATHS = NO;
				CLANG_ANALYZER_NONNULL = YES;
				CLANG_CXX_LANGUAGE_STANDARD = "gnu++0x";
				CLANG_CXX_LIBRARY = "libc++";
				CLANG_ENABLE_MODULES = YES;
				CLANG_ENABLE_OBJC_ARC = YES;
				CLANG_WARN_BOOL_CONVERSION = YES;
				CLANG_WARN_CONSTANT_CONVERSION = YES;
				CLANG_WARN_DIRECT_OBJC_ISA_USAGE = YES_ERROR;
				CLANG_WARN_DOCUMENTATION_COMMENTS = YES;
				CLANG_WARN_EMPTY_BODY = YES;
				CLANG_WARN_ENUM_CONVERSION = YES;
				CLANG_WARN_INFINITE_RECURSION = YES;
				CLANG_WARN_INT_CONVERSION = YES;
				CLANG_WARN_OBJC_ROOT_CLASS = YES_ERROR;
				CLANG_WARN_SUSPICIOUS_MOVE = YES;
				CLANG_WARN_UNREACHABLE_CODE = YES;
				CLANG_WARN__DUPLICATE_METHOD_MATCH = YES;
				CODE_SIGN_IDENTITY = "-";
				COPY_PHASE_STRIP = NO;
				DEBUG_INFORMATION_FORMAT = "dwarf-with-dsym";
				ENABLE_NS_ASSERTIONS = NO;
				ENABLE_STRICT_OBJC_MSGSEND = YES;
				GCC_C_LANGUAGE_STANDARD = gnu99;
				GCC_NO_COMMON_BLOCKS = YES;
				GCC_WARN_64_TO_32_BIT_CONVERSION = YES;
				GCC_WARN_ABOUT_RETURN_TYPE = YES_ERROR;
				GCC_WARN_UNDECLARED_SELECTOR = YES;
				GCC_WARN_UNINITIALIZED_AUTOS = YES_AGGRESSIVE;
				GCC_WARN_UNUSED_FUNCTION = YES;
				GCC_WARN_UNUSED_VARIABLE = YES;
				MACOSX_DEPLOYMENT_TARGET = 10.12;
				MTL_ENABLE_DEBUG_INFO = NO;
				OTHER_CFLAGS = "";
				SDKROOT = macosx;
			};
			name = Release;
		};
		3AED2C3C652F8F9C2F85F1AF /* Release */ = {
			isa = XCBuildConfiguration;
			baseConfigurationReference = A494416AE573867DD828B372 /* Pods-WRRegexBasics.release.xcconfig */;
			buildSettings = {
				PRODUCT_NAME = "$(TARGET_NAME)";
			};
			name = Release;
		};
		3AED2F1BBE84AC8D225835F4 /* Debug */ = {
			isa = XCBuildConfiguration;
			buildSettings = {
				ALWAYS_SEARCH_USER_PATHS = NO;
				CLANG_ANALYZER_NONNULL = YES;
				CLANG_CXX_LANGUAGE_STANDARD = "gnu++0x";
				CLANG_CXX_LIBRARY = "libc++";
				CLANG_ENABLE_MODULES = YES;
				CLANG_ENABLE_OBJC_ARC = YES;
				CLANG_WARN_BOOL_CONVERSION = YES;
				CLANG_WARN_CONSTANT_CONVERSION = YES;
				CLANG_WARN_DIRECT_OBJC_ISA_USAGE = YES_ERROR;
				CLANG_WARN_DOCUMENTATION_COMMENTS = YES;
				CLANG_WARN_EMPTY_BODY = YES;
				CLANG_WARN_ENUM_CONVERSION = YES;
				CLANG_WARN_INFINITE_RECURSION = YES;
				CLANG_WARN_INT_CONVERSION = YES;
				CLANG_WARN_OBJC_ROOT_CLASS = YES_ERROR;
				CLANG_WARN_SUSPICIOUS_MOVE = YES;
				CLANG_WARN_UNREACHABLE_CODE = YES;
				CLANG_WARN__DUPLICATE_METHOD_MATCH = YES;
				CODE_SIGN_IDENTITY = "-";
				COPY_PHASE_STRIP = NO;
				DEBUG_INFORMATION_FORMAT = dwarf;
				ENABLE_STRICT_OBJC_MSGSEND = YES;
				ENABLE_TESTABILITY = YES;
				GCC_C_LANGUAGE_STANDARD = gnu99;
				GCC_DYNAMIC_NO_PIC = NO;
				GCC_NO_COMMON_BLOCKS = YES;
				GCC_OPTIMIZATION_LEVEL = 0;
				GCC_PREPROCESSOR_DEFINITIONS = (
					"DEBUG=1",
					"$(inherited)",
				);
				GCC_WARN_64_TO_32_BIT_CONVERSION = YES;
				GCC_WARN_ABOUT_RETURN_TYPE = YES_ERROR;
				GCC_WARN_UNDECLARED_SELECTOR = YES;
				GCC_WARN_UNINITIALIZED_AUTOS = YES_AGGRESSIVE;
				GCC_WARN_UNUSED_FUNCTION = YES;
				GCC_WARN_UNUSED_VARIABLE = YES;
				MACOSX_DEPLOYMENT_TARGET = 10.12;
				MTL_ENABLE_DEBUG_INFO = YES;
				ONLY_ACTIVE_ARCH = YES;
				OTHER_CFLAGS = "";
				"OTHER_CFLAGS[arch=*]" = (
					"-D",
					_FOR_DEBUG_,
				);
				SDKROOT = macosx;
			};
			name = Debug;
		};
/* End XCBuildConfiguration section */

/* Begin XCConfigurationList section */
		3AED282C701895225CE3FEC3 /* Build configuration list for PBXNativeTarget "wre" */ = {
			isa = XCConfigurationList;
			buildConfigurations = (
				3AED22A6BCDD2A1214317426 /* Debug */,
				3AED2C3C652F8F9C2F85F1AF /* Release */,
			);
			defaultConfigurationIsVisible = 0;
			defaultConfigurationName = Release;
		};
		3AED2CC792277CBD65E99484 /* Build configuration list for PBXProject "WRRegexBasics" */ = {
			isa = XCConfigurationList;
			buildConfigurations = (
				3AED2F1BBE84AC8D225835F4 /* Debug */,
				3AED29BEDBD965096A8E4046 /* Release */,
			);
			defaultConfigurationIsVisible = 0;
			defaultConfigurationName = Release;
		};
/* End XCConfigurationList section */
	};
	rootObject = 3AED2D30D451D96311B8DE4A /* Project object */;
}
